
Microsoft Visual Studio Solution File, Format Version 11.00
# Visual Studio 2010
Project("{FAE04EC0-301F-11D3-BF4B-00C04F79EFBC}") = "PROJECT", "PROJECT\PROJECT.csproj", "{A5FFA74A-5749-4FFA-8F9D-8CA7A3E13FFD}"
EndProject
Global
	GlobalSection(SolutionConfigurationPlatforms) = preSolution
		Debug|Any CPU = Debug|Any CPU
		Release|Any CPU = Release|Any CPU
	EndGlobalSection
	GlobalSection(ProjectConfigurationPlatforms) = postSolution
		{A5FFA74A-5749-4FFA-8F9D-8CA7A3E13FFD}.Debug|Any CPU.ActiveCfg = Debug|Any CPU
		{A5FFA74A-5749-4FFA-8F9D-8CA7A3E13FFD}.Debug|Any CPU.Build.0 = Debug|Any CPU
		{A5FFA74A-5749-4FFA-8F9D-8CA7A3E13FFD}.Release|Any CPU.ActiveCfg = Release|Any CPU
		{A5FFA74A-5749-4FFA-8F9D-8CA7A3E13FFD}.Release|Any CPU.Build.0 = Release|Any CPU
	EndGlobalSection
	GlobalSection(SolutionProperties) = preSolution
		HideSolutionNode = FALSE
	EndGlobalSection
EndGlobal
